{
  "originHash" : "e28bd9523849681a552abb4833e0aa6a7a4e7d20971c0c9cf3577cd5116f4894",
  "pins" : [
    {
      "identity" : "sparkle",
      "kind" : "remoteSourceControl",
      "location" : "https://github.com/sparkle-project/Sparkle",
      "state" : {
        "revision" : "0ca3004e98712ea2b39dd881d28448630cce1c99",
        "version" : "2.7.0"
      }
    },
    {
      "identity" : "storagemacro",
      "kind" : "remoteSourceControl",
      "location" : "https://github.com/LZhenHong/StorageMacro",
      "state" : {
        "revision" : "fa0646a090a8ac418ccd9d13d3d10cd1dd5efdda",
        "version" : "0.0.1"
      }
    },
    {
      "identity" : "swift-syntax",
      "kind" : "remoteSourceControl",
      "location" : "https://github.com/apple/swift-syntax.git",
      "state" : {
        "revision" : "64889f0c732f210a935a0ad7cda38f77f876262d",
        "version" : "509.1.1"
      }
    }
  ],
  "version" : 3
}
