{
  "originHash" : "99e8c3789ebf2d1d095a0bfb38405cb9a1fa0e2c62080129e14a15be5206adf6",
  "pins" : [
    {
      "identity" : "settingskit",
      "kind" : "remoteSourceControl",
      "location" : "https://github.com/LZhenHong/SettingsKit.git",
      "state" : {
        "revision" : "49f74177cf5aa2c97438212437687739e5d52d34",
        "version" : "0.0.3"
      }
    },
    {
      "identity" : "sparkle",
      "kind" : "remoteSourceControl",
      "location" : "https://github.com/sparkle-project/Sparkle",
      "state" : {
        "revision" : "0ca3004e98712ea2b39dd881d28448630cce1c99",
        "version" : "2.7.0"
      }
    },
    {
      "identity" : "storagemacro",
      "kind" : "remoteSourceControl",
      "location" : "https://github.com/LZhenHong/StorageMacro",
      "state" : {
        "revision" : "4a8c12b505399e6e6893bb4ac4f22b4d9ffc98ee",
        "version" : "0.0.3"
      }
    },
    {
      "identity" : "swift-syntax",
      "kind" : "remoteSourceControl",
      "location" : "https://github.com/apple/swift-syntax.git",
      "state" : {
        "revision" : "64889f0c732f210a935a0ad7cda38f77f876262d",
        "version" : "509.1.1"
      }
    }
  ],
  "version" : 3
}
