// !$*UTF8*$!
{
	archiveVersion = 1;
	classes = {
	};
	objectVersion = 56;
	objects = {

/* Begin PBXBuildFile section */
		341E6BC02AC080850043E97A /* MenuBuilder.swift in Sources */ = {isa = PBXBuildFile; fileRef = 341E6BBF2AC080850043E97A /* MenuBuilder.swift */; };
		34C0958F2B03DDBA009B9324 /* CustomIntervalView.swift in Sources */ = {isa = PBXBuildFile; fileRef = 34C0958E2B03DDBA009B9324 /* CustomIntervalView.swift */; };
		F20C39C02B3B1C7000B052CC /* Localizable.xcstrings in Resources */ = {isa = PBXBuildFile; fileRef = F20C39BF2B3B1C7000B052CC /* Localizable.xcstrings */; };
		F2215A562B88B48C000E04F6 /* Map+.swift in Sources */ = {isa = PBXBuildFile; fileRef = F2215A552B88B48C000E04F6 /* Map+.swift */; };
		F225ADD42BF119970024283A /* Storage in Frameworks */ = {isa = PBXBuildFile; productRef = F225ADD32BF119970024283A /* Storage */; };
		F2294E782AC30EF70085448F /* LaunchAtLogin.swift in Sources */ = {isa = PBXBuildFile; fileRef = F2294E772AC30EF70085448F /* LaunchAtLogin.swift */; };
		F230D3322B1E00EB00A5A50A /* SubMenuBuilder.swift in Sources */ = {isa = PBXBuildFile; fileRef = F230D3312B1E00EB00A5A50A /* SubMenuBuilder.swift */; };
		F2489C442AE976A900B5E17B /* AwakeDurations.swift in Sources */ = {isa = PBXBuildFile; fileRef = F2489C432AE976A900B5E17B /* AwakeDurations.swift */; };
		F24FA4372B3AFEE0009A99D9 /* main.swift in Sources */ = {isa = PBXBuildFile; fileRef = F24FA4362B3AFEE0009A99D9 /* main.swift */; };
		F256B3492ADDA0D400470219 /* SettingWindowController.swift in Sources */ = {isa = PBXBuildFile; fileRef = F256B3482ADDA0D400470219 /* SettingWindowController.swift */; };
		F256B34B2AE19AD000470219 /* SettingViewController.swift in Sources */ = {isa = PBXBuildFile; fileRef = F256B34A2AE19AD000470219 /* SettingViewController.swift */; };
		F25A297C2ABC6C200022E08E /* ScreenSaverWrapper.swift in Sources */ = {isa = PBXBuildFile; fileRef = F25A297B2ABC6C200022E08E /* ScreenSaverWrapper.swift */; };
		F25A297E2ABC6C720022E08E /* BinWrapper.swift in Sources */ = {isa = PBXBuildFile; fileRef = F25A297D2ABC6C720022E08E /* BinWrapper.swift */; };
		F25C9EC22B87B86B0018DE8A /* URLSchemeUtils.swift in Sources */ = {isa = PBXBuildFile; fileRef = F25C9EC12B87B86A0018DE8A /* URLSchemeUtils.swift */; };
		F264587E2B8B246B00940033 /* UserNotifications.swift in Sources */ = {isa = PBXBuildFile; fileRef = F264587D2B8B246B00940033 /* UserNotifications.swift */; };
		F26458802B8B290000940033 /* NotificationSetting.swift in Sources */ = {isa = PBXBuildFile; fileRef = F264587F2B8B290000940033 /* NotificationSetting.swift */; };
		F27602752B05C1B100204EE2 /* Bundle+.swift in Sources */ = {isa = PBXBuildFile; fileRef = F27602742B05C1B100204EE2 /* Bundle+.swift */; };
		F27602772B06081000204EE2 /* TimeInterval+.swift in Sources */ = {isa = PBXBuildFile; fileRef = F27602762B06081000204EE2 /* TimeInterval+.swift */; };
		F280E2202AF22D6B00C67E64 /* SettingTabViewController.swift in Sources */ = {isa = PBXBuildFile; fileRef = F280E21F2AF22D6B00C67E64 /* SettingTabViewController.swift */; };
		F2811B322B678C0300C85719 /* Storage in Frameworks */ = {isa = PBXBuildFile; productRef = F2811B312B678C0300C85719 /* Storage */; };
		F2811B352B6804EB00C85719 /* BatterySlider.swift in Sources */ = {isa = PBXBuildFile; fileRef = F2811B342B6804EB00C85719 /* BatterySlider.swift */; };
		F2811B372B6ABCCB00C85719 /* CaffeinateController.swift in Sources */ = {isa = PBXBuildFile; fileRef = F2811B362B6ABCCB00C85719 /* CaffeinateController.swift */; };
		F282BEAB2ABB09CE0073D130 /* SubscriptionToken.swift in Sources */ = {isa = PBXBuildFile; fileRef = F282BEAA2ABB09CE0073D130 /* SubscriptionToken.swift */; };
		F291C25D2AE2137F007F152C /* ViewUtils.swift in Sources */ = {isa = PBXBuildFile; fileRef = F291C25C2AE2137F007F152C /* ViewUtils.swift */; };
		F2A62B502B3E57B200FDECF6 /* InfoPlist.xcstrings in Resources */ = {isa = PBXBuildFile; fileRef = F2A62B4F2B3E57B200FDECF6 /* InfoPlist.xcstrings */; };
		F2ADBB3A2B4C54CC00105DC0 /* BatterySetting.swift in Sources */ = {isa = PBXBuildFile; fileRef = F2ADBB392B4C54CC00105DC0 /* BatterySetting.swift */; };
		F2ADBB3D2B4C5CFB00105DC0 /* BatteryMonitor.swift in Sources */ = {isa = PBXBuildFile; fileRef = F2ADBB3C2B4C5CFB00105DC0 /* BatteryMonitor.swift */; };
		F2B9D84E2AC4A548006737D0 /* MenuItemBuilder.swift in Sources */ = {isa = PBXBuildFile; fileRef = F2B9D84D2AC4A548006737D0 /* MenuItemBuilder.swift */; };
		F2C0DFFE2AEBBCE900970BFA /* Array+.swift in Sources */ = {isa = PBXBuildFile; fileRef = F2C0DFFD2AEBBCE900970BFA /* Array+.swift */; };
		F2CACC4C2ABACDA600CB2BE4 /* AppDelegate.swift in Sources */ = {isa = PBXBuildFile; fileRef = F2CACC4B2ABACDA600CB2BE4 /* AppDelegate.swift */; };
		F2CACC502ABACDA700CB2BE4 /* Assets.xcassets in Resources */ = {isa = PBXBuildFile; fileRef = F2CACC4F2ABACDA700CB2BE4 /* Assets.xcassets */; };
		F2CACC5B2ABAD17100CB2BE4 /* MenuBarItemController.swift in Sources */ = {isa = PBXBuildFile; fileRef = F2CACC5A2ABAD17100CB2BE4 /* MenuBarItemController.swift */; };
		F2CACC5D2ABAD6C200CB2BE4 /* AppState.swift in Sources */ = {isa = PBXBuildFile; fileRef = F2CACC5C2ABAD6C200CB2BE4 /* AppState.swift */; };
		F2CACC5F2ABADBCA00CB2BE4 /* CaffeinateWrapper.swift in Sources */ = {isa = PBXBuildFile; fileRef = F2CACC5E2ABADBCA00CB2BE4 /* CaffeinateWrapper.swift */; };
		F2D579E82C80B11900F292B0 /* Config.xcconfig in Resources */ = {isa = PBXBuildFile; fileRef = F2D579E72C80B11900F292B0 /* Config.xcconfig */; };
		F2EF3AD62AE1111A00F2C26F /* SettingContentRepresentable.swift in Sources */ = {isa = PBXBuildFile; fileRef = F2EF3AD52AE1111A00F2C26F /* SettingContentRepresentable.swift */; };
		F2EF3AD82AE1297F00F2C26F /* GeneralSetting.swift in Sources */ = {isa = PBXBuildFile; fileRef = F2EF3AD72AE1297F00F2C26F /* GeneralSetting.swift */; };
		F2EF3ADA2AE130AB00F2C26F /* IntervalSetting.swift in Sources */ = {isa = PBXBuildFile; fileRef = F2EF3AD92AE130AB00F2C26F /* IntervalSetting.swift */; };
		F2EF3ADC2AE14F1700F2C26F /* AboutSetting.swift in Sources */ = {isa = PBXBuildFile; fileRef = F2EF3ADB2AE14F1700F2C26F /* AboutSetting.swift */; };
/* End PBXBuildFile section */

/* Begin PBXFileReference section */
		341E6BBF2AC080850043E97A /* MenuBuilder.swift */ = {isa = PBXFileReference; lastKnownFileType = sourcecode.swift; path = MenuBuilder.swift; sourceTree = "<group>"; };
		34C0958E2B03DDBA009B9324 /* CustomIntervalView.swift */ = {isa = PBXFileReference; lastKnownFileType = sourcecode.swift; path = CustomIntervalView.swift; sourceTree = "<group>"; };
		F20C39BF2B3B1C7000B052CC /* Localizable.xcstrings */ = {isa = PBXFileReference; lastKnownFileType = text.json.xcstrings; path = Localizable.xcstrings; sourceTree = "<group>"; };
		F2215A542B884FC6000E04F6 /* Info.plist */ = {isa = PBXFileReference; lastKnownFileType = text.plist.xml; path = Info.plist; sourceTree = "<group>"; };
		F2215A552B88B48C000E04F6 /* Map+.swift */ = {isa = PBXFileReference; lastKnownFileType = sourcecode.swift; path = "Map+.swift"; sourceTree = "<group>"; };
		F2294E772AC30EF70085448F /* LaunchAtLogin.swift */ = {isa = PBXFileReference; lastKnownFileType = sourcecode.swift; path = LaunchAtLogin.swift; sourceTree = "<group>"; };
		F230D3312B1E00EB00A5A50A /* SubMenuBuilder.swift */ = {isa = PBXFileReference; lastKnownFileType = sourcecode.swift; path = SubMenuBuilder.swift; sourceTree = "<group>"; };
		F2489C432AE976A900B5E17B /* AwakeDurations.swift */ = {isa = PBXFileReference; lastKnownFileType = sourcecode.swift; path = AwakeDurations.swift; sourceTree = "<group>"; };
		F24FA4362B3AFEE0009A99D9 /* main.swift */ = {isa = PBXFileReference; lastKnownFileType = sourcecode.swift; path = main.swift; sourceTree = "<group>"; };
		F256B3482ADDA0D400470219 /* SettingWindowController.swift */ = {isa = PBXFileReference; lastKnownFileType = sourcecode.swift; path = SettingWindowController.swift; sourceTree = "<group>"; };
		F256B34A2AE19AD000470219 /* SettingViewController.swift */ = {isa = PBXFileReference; lastKnownFileType = sourcecode.swift; path = SettingViewController.swift; sourceTree = "<group>"; };
		F25A297B2ABC6C200022E08E /* ScreenSaverWrapper.swift */ = {isa = PBXFileReference; lastKnownFileType = sourcecode.swift; path = ScreenSaverWrapper.swift; sourceTree = "<group>"; };
		F25A297D2ABC6C720022E08E /* BinWrapper.swift */ = {isa = PBXFileReference; lastKnownFileType = sourcecode.swift; path = BinWrapper.swift; sourceTree = "<group>"; };
		F25C9EC12B87B86A0018DE8A /* URLSchemeUtils.swift */ = {isa = PBXFileReference; lastKnownFileType = sourcecode.swift; path = URLSchemeUtils.swift; sourceTree = "<group>"; };
		F264587D2B8B246B00940033 /* UserNotifications.swift */ = {isa = PBXFileReference; lastKnownFileType = sourcecode.swift; path = UserNotifications.swift; sourceTree = "<group>"; };
		F264587F2B8B290000940033 /* NotificationSetting.swift */ = {isa = PBXFileReference; lastKnownFileType = sourcecode.swift; path = NotificationSetting.swift; sourceTree = "<group>"; };
		F27602742B05C1B100204EE2 /* Bundle+.swift */ = {isa = PBXFileReference; lastKnownFileType = sourcecode.swift; path = "Bundle+.swift"; sourceTree = "<group>"; };
		F27602762B06081000204EE2 /* TimeInterval+.swift */ = {isa = PBXFileReference; lastKnownFileType = sourcecode.swift; path = "TimeInterval+.swift"; sourceTree = "<group>"; };
		F280E21F2AF22D6B00C67E64 /* SettingTabViewController.swift */ = {isa = PBXFileReference; lastKnownFileType = sourcecode.swift; path = SettingTabViewController.swift; sourceTree = "<group>"; };
		F2811B342B6804EB00C85719 /* BatterySlider.swift */ = {isa = PBXFileReference; lastKnownFileType = sourcecode.swift; path = BatterySlider.swift; sourceTree = "<group>"; };
		F2811B362B6ABCCB00C85719 /* CaffeinateController.swift */ = {isa = PBXFileReference; lastKnownFileType = sourcecode.swift; path = CaffeinateController.swift; sourceTree = "<group>"; };
		F282BEAA2ABB09CE0073D130 /* SubscriptionToken.swift */ = {isa = PBXFileReference; lastKnownFileType = sourcecode.swift; path = SubscriptionToken.swift; sourceTree = "<group>"; };
		F291C25C2AE2137F007F152C /* ViewUtils.swift */ = {isa = PBXFileReference; lastKnownFileType = sourcecode.swift; path = ViewUtils.swift; sourceTree = "<group>"; };
		F2A62B4F2B3E57B200FDECF6 /* InfoPlist.xcstrings */ = {isa = PBXFileReference; fileEncoding = 4; lastKnownFileType = text.json.xcstrings; path = InfoPlist.xcstrings; sourceTree = "<group>"; };
		F2ADBB392B4C54CC00105DC0 /* BatterySetting.swift */ = {isa = PBXFileReference; lastKnownFileType = sourcecode.swift; path = BatterySetting.swift; sourceTree = "<group>"; };
		F2ADBB3C2B4C5CFB00105DC0 /* BatteryMonitor.swift */ = {isa = PBXFileReference; lastKnownFileType = sourcecode.swift; path = BatteryMonitor.swift; sourceTree = "<group>"; };
		F2B9D84D2AC4A548006737D0 /* MenuItemBuilder.swift */ = {isa = PBXFileReference; lastKnownFileType = sourcecode.swift; path = MenuItemBuilder.swift; sourceTree = "<group>"; };
		F2C0DFFD2AEBBCE900970BFA /* Array+.swift */ = {isa = PBXFileReference; lastKnownFileType = sourcecode.swift; path = "Array+.swift"; sourceTree = "<group>"; };
		F2CACC482ABACDA600CB2BE4 /* Americano.app */ = {isa = PBXFileReference; explicitFileType = wrapper.application; includeInIndex = 0; path = Americano.app; sourceTree = BUILT_PRODUCTS_DIR; };
		F2CACC4B2ABACDA600CB2BE4 /* AppDelegate.swift */ = {isa = PBXFileReference; lastKnownFileType = sourcecode.swift; path = AppDelegate.swift; sourceTree = "<group>"; };
		F2CACC4F2ABACDA700CB2BE4 /* Assets.xcassets */ = {isa = PBXFileReference; lastKnownFileType = folder.assetcatalog; path = Assets.xcassets; sourceTree = "<group>"; };
		F2CACC542ABACDA700CB2BE4 /* Americano.entitlements */ = {isa = PBXFileReference; lastKnownFileType = text.plist.entitlements; path = Americano.entitlements; sourceTree = "<group>"; };
		F2CACC5A2ABAD17100CB2BE4 /* MenuBarItemController.swift */ = {isa = PBXFileReference; lastKnownFileType = sourcecode.swift; path = MenuBarItemController.swift; sourceTree = "<group>"; };
		F2CACC5C2ABAD6C200CB2BE4 /* AppState.swift */ = {isa = PBXFileReference; lastKnownFileType = sourcecode.swift; path = AppState.swift; sourceTree = "<group>"; };
		F2CACC5E2ABADBCA00CB2BE4 /* CaffeinateWrapper.swift */ = {isa = PBXFileReference; lastKnownFileType = sourcecode.swift; path = CaffeinateWrapper.swift; sourceTree = "<group>"; };
		F2D579E72C80B11900F292B0 /* Config.xcconfig */ = {isa = PBXFileReference; lastKnownFileType = text.xcconfig; path = Config.xcconfig; sourceTree = "<group>"; };
		F2EF3AD52AE1111A00F2C26F /* SettingContentRepresentable.swift */ = {isa = PBXFileReference; lastKnownFileType = sourcecode.swift; path = SettingContentRepresentable.swift; sourceTree = "<group>"; };
		F2EF3AD72AE1297F00F2C26F /* GeneralSetting.swift */ = {isa = PBXFileReference; lastKnownFileType = sourcecode.swift; path = GeneralSetting.swift; sourceTree = "<group>"; };
		F2EF3AD92AE130AB00F2C26F /* IntervalSetting.swift */ = {isa = PBXFileReference; lastKnownFileType = sourcecode.swift; path = IntervalSetting.swift; sourceTree = "<group>"; };
		F2EF3ADB2AE14F1700F2C26F /* AboutSetting.swift */ = {isa = PBXFileReference; lastKnownFileType = sourcecode.swift; path = AboutSetting.swift; sourceTree = "<group>"; };
/* End PBXFileReference section */

/* Begin PBXFrameworksBuildPhase section */
		F2CACC452ABACDA600CB2BE4 /* Frameworks */ = {
			isa = PBXFrameworksBuildPhase;
			buildActionMask = 2147483647;
			files = (
				F225ADD42BF119970024283A /* Storage in Frameworks */,
				F2811B322B678C0300C85719 /* Storage in Frameworks */,
			);
			runOnlyForDeploymentPostprocessing = 0;
		};
/* End PBXFrameworksBuildPhase section */

/* Begin PBXGroup section */
		34C0958D2B03DD21009B9324 /* Interval */ = {
			isa = PBXGroup;
			children = (
				F2EF3AD92AE130AB00F2C26F /* IntervalSetting.swift */,
				34C0958E2B03DDBA009B9324 /* CustomIntervalView.swift */,
			);
			path = Interval;
			sourceTree = "<group>";
		};
		F230D3302B1E00C400A5A50A /* Main */ = {
			isa = PBXGroup;
			children = (
				F2CACC5A2ABAD17100CB2BE4 /* MenuBarItemController.swift */,
				F230D3312B1E00EB00A5A50A /* SubMenuBuilder.swift */,
				F2811B362B6ABCCB00C85719 /* CaffeinateController.swift */,
			);
			path = Main;
			sourceTree = "<group>";
		};
		F256B3472ADDA0BC00470219 /* Settings */ = {
			isa = PBXGroup;
			children = (
				F2811B332B67E60B00C85719 /* Battery */,
				34C0958D2B03DD21009B9324 /* Interval */,
				F256B3482ADDA0D400470219 /* SettingWindowController.swift */,
				F280E21F2AF22D6B00C67E64 /* SettingTabViewController.swift */,
				F256B34A2AE19AD000470219 /* SettingViewController.swift */,
				F2EF3AD52AE1111A00F2C26F /* SettingContentRepresentable.swift */,
				F2EF3AD72AE1297F00F2C26F /* GeneralSetting.swift */,
				F264587F2B8B290000940033 /* NotificationSetting.swift */,
				F2EF3ADB2AE14F1700F2C26F /* AboutSetting.swift */,
			);
			path = Settings;
			sourceTree = "<group>";
		};
		F27602782B0609B300204EE2 /* Ext */ = {
			isa = PBXGroup;
			children = (
				F2C0DFFD2AEBBCE900970BFA /* Array+.swift */,
				F27602742B05C1B100204EE2 /* Bundle+.swift */,
				F27602762B06081000204EE2 /* TimeInterval+.swift */,
				F2215A552B88B48C000E04F6 /* Map+.swift */,
			);
			path = Ext;
			sourceTree = "<group>";
		};
		F2811B332B67E60B00C85719 /* Battery */ = {
			isa = PBXGroup;
			children = (
				F2811B342B6804EB00C85719 /* BatterySlider.swift */,
				F2ADBB392B4C54CC00105DC0 /* BatterySetting.swift */,
			);
			path = Battery;
			sourceTree = "<group>";
		};
		F2A013B32ABD3F9B006883D3 /* Wrapper */ = {
			isa = PBXGroup;
			children = (
				F2CACC5E2ABADBCA00CB2BE4 /* CaffeinateWrapper.swift */,
				F25A297B2ABC6C200022E08E /* ScreenSaverWrapper.swift */,
				F25A297D2ABC6C720022E08E /* BinWrapper.swift */,
			);
			path = Wrapper;
			sourceTree = "<group>";
		};
		F2A013B42ABD3FB4006883D3 /* Data */ = {
			isa = PBXGroup;
			children = (
				F2CACC5C2ABAD6C200CB2BE4 /* AppState.swift */,
				F2489C432AE976A900B5E17B /* AwakeDurations.swift */,
			);
			path = Data;
			sourceTree = "<group>";
		};
		F2A013B52ABD3FCD006883D3 /* Utils */ = {
			isa = PBXGroup;
			children = (
				F27602782B0609B300204EE2 /* Ext */,
				F2294E772AC30EF70085448F /* LaunchAtLogin.swift */,
				341E6BBF2AC080850043E97A /* MenuBuilder.swift */,
				F2B9D84D2AC4A548006737D0 /* MenuItemBuilder.swift */,
				F2ADBB3C2B4C5CFB00105DC0 /* BatteryMonitor.swift */,
				F282BEAA2ABB09CE0073D130 /* SubscriptionToken.swift */,
				F291C25C2AE2137F007F152C /* ViewUtils.swift */,
				F25C9EC12B87B86A0018DE8A /* URLSchemeUtils.swift */,
				F264587D2B8B246B00940033 /* UserNotifications.swift */,
			);
			path = Utils;
			sourceTree = "<group>";
		};
		F2A013B62ABD3FDD006883D3 /* Resources */ = {
			isa = PBXGroup;
			children = (
				F2A62B4F2B3E57B200FDECF6 /* InfoPlist.xcstrings */,
				F20C39BF2B3B1C7000B052CC /* Localizable.xcstrings */,
				F2215A542B884FC6000E04F6 /* Info.plist */,
				F2CACC542ABACDA700CB2BE4 /* Americano.entitlements */,
				F2CACC4F2ABACDA700CB2BE4 /* Assets.xcassets */,
				F2D579E72C80B11900F292B0 /* Config.xcconfig */,
			);
			path = Resources;
			sourceTree = "<group>";
		};
		F2CACC3F2ABACDA600CB2BE4 = {
			isa = PBXGroup;
			children = (
				F2CACC4A2ABACDA600CB2BE4 /* Americano */,
				F2CACC492ABACDA600CB2BE4 /* Products */,
			);
			sourceTree = "<group>";
		};
		F2CACC492ABACDA600CB2BE4 /* Products */ = {
			isa = PBXGroup;
			children = (
				F2CACC482ABACDA600CB2BE4 /* Americano.app */,
			);
			name = Products;
			sourceTree = "<group>";
		};
		F2CACC4A2ABACDA600CB2BE4 /* Americano */ = {
			isa = PBXGroup;
			children = (
				F24FA4362B3AFEE0009A99D9 /* main.swift */,
				F2CACC4B2ABACDA600CB2BE4 /* AppDelegate.swift */,
				F230D3302B1E00C400A5A50A /* Main */,
				F2A013B42ABD3FB4006883D3 /* Data */,
				F2A013B32ABD3F9B006883D3 /* Wrapper */,
				F256B3472ADDA0BC00470219 /* Settings */,
				F2A013B52ABD3FCD006883D3 /* Utils */,
				F2A013B62ABD3FDD006883D3 /* Resources */,
			);
			path = Americano;
			sourceTree = "<group>";
		};
/* End PBXGroup section */

/* Begin PBXNativeTarget section */
		F2CACC472ABACDA600CB2BE4 /* Americano */ = {
			isa = PBXNativeTarget;
			buildConfigurationList = F2CACC572ABACDA700CB2BE4 /* Build configuration list for PBXNativeTarget "Americano" */;
			buildPhases = (
				F2CACC442ABACDA600CB2BE4 /* Sources */,
				F2CACC452ABACDA600CB2BE4 /* Frameworks */,
				F2CACC462ABACDA600CB2BE4 /* Resources */,
			);
			buildRules = (
			);
			dependencies = (
			);
			name = Americano;
			packageProductDependencies = (
				F2811B312B678C0300C85719 /* Storage */,
				F225ADD32BF119970024283A /* Storage */,
			);
			productName = Americano;
			productReference = F2CACC482ABACDA600CB2BE4 /* Americano.app */;
			productType = "com.apple.product-type.application";
		};
/* End PBXNativeTarget section */

/* Begin PBXProject section */
		F2CACC402ABACDA600CB2BE4 /* Project object */ = {
			isa = PBXProject;
			attributes = {
				BuildIndependentTargetsInParallel = 1;
				LastSwiftUpdateCheck = 1500;
				LastUpgradeCheck = 1510;
				TargetAttributes = {
					F2CACC472ABACDA600CB2BE4 = {
						CreatedOnToolsVersion = 15.0;
					};
				};
			};
			buildConfigurationList = F2CACC432ABACDA600CB2BE4 /* Build configuration list for PBXProject "Americano" */;
			compatibilityVersion = "Xcode 14.0";
			developmentRegion = en;
			hasScannedForEncodings = 0;
			knownRegions = (
				en,
				Base,
				"zh-Hans",
				"zh-Hant",
			);
			mainGroup = F2CACC3F2ABACDA600CB2BE4;
			packageReferences = (
				F225ADD22BF119970024283A /* XCRemoteSwiftPackageReference "StorageMacro" */,
			);
			productRefGroup = F2CACC492ABACDA600CB2BE4 /* Products */;
			projectDirPath = "";
			projectRoot = "";
			targets = (
				F2CACC472ABACDA600CB2BE4 /* Americano */,
			);
		};
/* End PBXProject section */

/* Begin PBXResourcesBuildPhase section */
		F2CACC462ABACDA600CB2BE4 /* Resources */ = {
			isa = PBXResourcesBuildPhase;
			buildActionMask = 2147483647;
			files = (
				F2D579E82C80B11900F292B0 /* Config.xcconfig in Resources */,
				F2A62B502B3E57B200FDECF6 /* InfoPlist.xcstrings in Resources */,
				F20C39C02B3B1C7000B052CC /* Localizable.xcstrings in Resources */,
				F2CACC502ABACDA700CB2BE4 /* Assets.xcassets in Resources */,
			);
			runOnlyForDeploymentPostprocessing = 0;
		};
/* End PBXResourcesBuildPhase section */

/* Begin PBXSourcesBuildPhase section */
		F2CACC442ABACDA600CB2BE4 /* Sources */ = {
			isa = PBXSourcesBuildPhase;
			buildActionMask = 2147483647;
			files = (
				F25C9EC22B87B86B0018DE8A /* URLSchemeUtils.swift in Sources */,
				F27602752B05C1B100204EE2 /* Bundle+.swift in Sources */,
				F256B3492ADDA0D400470219 /* SettingWindowController.swift in Sources */,
				F2CACC5F2ABADBCA00CB2BE4 /* CaffeinateWrapper.swift in Sources */,
				F291C25D2AE2137F007F152C /* ViewUtils.swift in Sources */,
				F25A297E2ABC6C720022E08E /* BinWrapper.swift in Sources */,
				F25A297C2ABC6C200022E08E /* ScreenSaverWrapper.swift in Sources */,
				F2811B352B6804EB00C85719 /* BatterySlider.swift in Sources */,
				F2EF3ADA2AE130AB00F2C26F /* IntervalSetting.swift in Sources */,
				F256B34B2AE19AD000470219 /* SettingViewController.swift in Sources */,
				F280E2202AF22D6B00C67E64 /* SettingTabViewController.swift in Sources */,
				F264587E2B8B246B00940033 /* UserNotifications.swift in Sources */,
				F230D3322B1E00EB00A5A50A /* SubMenuBuilder.swift in Sources */,
				F2ADBB3A2B4C54CC00105DC0 /* BatterySetting.swift in Sources */,
				F2EF3AD62AE1111A00F2C26F /* SettingContentRepresentable.swift in Sources */,
				F2811B372B6ABCCB00C85719 /* CaffeinateController.swift in Sources */,
				F2EF3ADC2AE14F1700F2C26F /* AboutSetting.swift in Sources */,
				F2CACC5D2ABAD6C200CB2BE4 /* AppState.swift in Sources */,
				F2C0DFFE2AEBBCE900970BFA /* Array+.swift in Sources */,
				F2215A562B88B48C000E04F6 /* Map+.swift in Sources */,
				F24FA4372B3AFEE0009A99D9 /* main.swift in Sources */,
				F282BEAB2ABB09CE0073D130 /* SubscriptionToken.swift in Sources */,
				F2294E782AC30EF70085448F /* LaunchAtLogin.swift in Sources */,
				F26458802B8B290000940033 /* NotificationSetting.swift in Sources */,
				F2EF3AD82AE1297F00F2C26F /* GeneralSetting.swift in Sources */,
				341E6BC02AC080850043E97A /* MenuBuilder.swift in Sources */,
				F2489C442AE976A900B5E17B /* AwakeDurations.swift in Sources */,
				F2CACC4C2ABACDA600CB2BE4 /* AppDelegate.swift in Sources */,
				F2B9D84E2AC4A548006737D0 /* MenuItemBuilder.swift in Sources */,
				F2CACC5B2ABAD17100CB2BE4 /* MenuBarItemController.swift in Sources */,
				F27602772B06081000204EE2 /* TimeInterval+.swift in Sources */,
				34C0958F2B03DDBA009B9324 /* CustomIntervalView.swift in Sources */,
				F2ADBB3D2B4C5CFB00105DC0 /* BatteryMonitor.swift in Sources */,
			);
			runOnlyForDeploymentPostprocessing = 0;
		};
/* End PBXSourcesBuildPhase section */

/* Begin XCBuildConfiguration section */
		F2CACC552ABACDA700CB2BE4 /* Debug */ = {
			isa = XCBuildConfiguration;
			buildSettings = {
				ALWAYS_SEARCH_USER_PATHS = NO;
				ASSETCATALOG_COMPILER_GENERATE_SWIFT_ASSET_SYMBOL_EXTENSIONS = YES;
				CLANG_ANALYZER_LOCALIZABILITY_NONLOCALIZED = YES;
				CLANG_ANALYZER_NONNULL = YES;
				CLANG_ANALYZER_NUMBER_OBJECT_CONVERSION = YES_AGGRESSIVE;
				CLANG_CXX_LANGUAGE_STANDARD = "gnu++20";
				CLANG_ENABLE_MODULES = YES;
				CLANG_ENABLE_OBJC_ARC = YES;
				CLANG_ENABLE_OBJC_WEAK = YES;
				CLANG_WARN_BLOCK_CAPTURE_AUTORELEASING = YES;
				CLANG_WARN_BOOL_CONVERSION = YES;
				CLANG_WARN_COMMA = YES;
				CLANG_WARN_CONSTANT_CONVERSION = YES;
				CLANG_WARN_DEPRECATED_OBJC_IMPLEMENTATIONS = YES;
				CLANG_WARN_DIRECT_OBJC_ISA_USAGE = YES_ERROR;
				CLANG_WARN_DOCUMENTATION_COMMENTS = YES;
				CLANG_WARN_EMPTY_BODY = YES;
				CLANG_WARN_ENUM_CONVERSION = YES;
				CLANG_WARN_INFINITE_RECURSION = YES;
				CLANG_WARN_INT_CONVERSION = YES;
				CLANG_WARN_NON_LITERAL_NULL_CONVERSION = YES;
				CLANG_WARN_OBJC_IMPLICIT_RETAIN_SELF = YES;
				CLANG_WARN_OBJC_LITERAL_CONVERSION = YES;
				CLANG_WARN_OBJC_ROOT_CLASS = YES_ERROR;
				CLANG_WARN_QUOTED_INCLUDE_IN_FRAMEWORK_HEADER = YES;
				CLANG_WARN_RANGE_LOOP_ANALYSIS = YES;
				CLANG_WARN_STRICT_PROTOTYPES = YES;
				CLANG_WARN_SUSPICIOUS_MOVE = YES;
				CLANG_WARN_UNGUARDED_AVAILABILITY = YES_AGGRESSIVE;
				CLANG_WARN_UNREACHABLE_CODE = YES;
				CLANG_WARN__DUPLICATE_METHOD_MATCH = YES;
				COPY_PHASE_STRIP = NO;
				DEAD_CODE_STRIPPING = YES;
				DEBUG_INFORMATION_FORMAT = dwarf;
				ENABLE_STRICT_OBJC_MSGSEND = YES;
				ENABLE_TESTABILITY = YES;
				ENABLE_USER_SCRIPT_SANDBOXING = YES;
				GCC_C_LANGUAGE_STANDARD = gnu17;
				GCC_DYNAMIC_NO_PIC = NO;
				GCC_NO_COMMON_BLOCKS = YES;
				GCC_OPTIMIZATION_LEVEL = 0;
				GCC_PREPROCESSOR_DEFINITIONS = (
					"DEBUG=1",
					"$(inherited)",
				);
				GCC_WARN_64_TO_32_BIT_CONVERSION = YES;
				GCC_WARN_ABOUT_RETURN_TYPE = YES_ERROR;
				GCC_WARN_UNDECLARED_SELECTOR = YES;
				GCC_WARN_UNINITIALIZED_AUTOS = YES_AGGRESSIVE;
				GCC_WARN_UNUSED_FUNCTION = YES;
				GCC_WARN_UNUSED_VARIABLE = YES;
				LOCALIZATION_PREFERS_STRING_CATALOGS = YES;
				MACOSX_DEPLOYMENT_TARGET = 13.5;
				MTL_ENABLE_DEBUG_INFO = INCLUDE_SOURCE;
				MTL_FAST_MATH = YES;
				ONLY_ACTIVE_ARCH = YES;
				SDKROOT = macosx;
				SWIFT_ACTIVE_COMPILATION_CONDITIONS = "DEBUG $(inherited)";
				SWIFT_OPTIMIZATION_LEVEL = "-Onone";
			};
			name = Debug;
		};
		F2CACC562ABACDA700CB2BE4 /* Release */ = {
			isa = XCBuildConfiguration;
			buildSettings = {
				ALWAYS_SEARCH_USER_PATHS = NO;
				ASSETCATALOG_COMPILER_GENERATE_SWIFT_ASSET_SYMBOL_EXTENSIONS = YES;
				CLANG_ANALYZER_LOCALIZABILITY_NONLOCALIZED = YES;
				CLANG_ANALYZER_NONNULL = YES;
				CLANG_ANALYZER_NUMBER_OBJECT_CONVERSION = YES_AGGRESSIVE;
				CLANG_CXX_LANGUAGE_STANDARD = "gnu++20";
				CLANG_ENABLE_MODULES = YES;
				CLANG_ENABLE_OBJC_ARC = YES;
				CLANG_ENABLE_OBJC_WEAK = YES;
				CLANG_WARN_BLOCK_CAPTURE_AUTORELEASING = YES;
				CLANG_WARN_BOOL_CONVERSION = YES;
				CLANG_WARN_COMMA = YES;
				CLANG_WARN_CONSTANT_CONVERSION = YES;
				CLANG_WARN_DEPRECATED_OBJC_IMPLEMENTATIONS = YES;
				CLANG_WARN_DIRECT_OBJC_ISA_USAGE = YES_ERROR;
				CLANG_WARN_DOCUMENTATION_COMMENTS = YES;
				CLANG_WARN_EMPTY_BODY = YES;
				CLANG_WARN_ENUM_CONVERSION = YES;
				CLANG_WARN_INFINITE_RECURSION = YES;
				CLANG_WARN_INT_CONVERSION = YES;
				CLANG_WARN_NON_LITERAL_NULL_CONVERSION = YES;
				CLANG_WARN_OBJC_IMPLICIT_RETAIN_SELF = YES;
				CLANG_WARN_OBJC_LITERAL_CONVERSION = YES;
				CLANG_WARN_OBJC_ROOT_CLASS = YES_ERROR;
				CLANG_WARN_QUOTED_INCLUDE_IN_FRAMEWORK_HEADER = YES;
				CLANG_WARN_RANGE_LOOP_ANALYSIS = YES;
				CLANG_WARN_STRICT_PROTOTYPES = YES;
				CLANG_WARN_SUSPICIOUS_MOVE = YES;
				CLANG_WARN_UNGUARDED_AVAILABILITY = YES_AGGRESSIVE;
				CLANG_WARN_UNREACHABLE_CODE = YES;
				CLANG_WARN__DUPLICATE_METHOD_MATCH = YES;
				COPY_PHASE_STRIP = NO;
				DEAD_CODE_STRIPPING = YES;
				DEBUG_INFORMATION_FORMAT = "dwarf-with-dsym";
				ENABLE_NS_ASSERTIONS = NO;
				ENABLE_STRICT_OBJC_MSGSEND = YES;
				ENABLE_USER_SCRIPT_SANDBOXING = YES;
				GCC_C_LANGUAGE_STANDARD = gnu17;
				GCC_NO_COMMON_BLOCKS = YES;
				GCC_WARN_64_TO_32_BIT_CONVERSION = YES;
				GCC_WARN_ABOUT_RETURN_TYPE = YES_ERROR;
				GCC_WARN_UNDECLARED_SELECTOR = YES;
				GCC_WARN_UNINITIALIZED_AUTOS = YES_AGGRESSIVE;
				GCC_WARN_UNUSED_FUNCTION = YES;
				GCC_WARN_UNUSED_VARIABLE = YES;
				LOCALIZATION_PREFERS_STRING_CATALOGS = YES;
				MACOSX_DEPLOYMENT_TARGET = 13.5;
				MTL_ENABLE_DEBUG_INFO = NO;
				MTL_FAST_MATH = YES;
				SDKROOT = macosx;
				SWIFT_COMPILATION_MODE = wholemodule;
			};
			name = Release;
		};
		F2CACC582ABACDA700CB2BE4 /* Debug */ = {
			isa = XCBuildConfiguration;
			baseConfigurationReference = F2D579E72C80B11900F292B0 /* Config.xcconfig */;
			buildSettings = {
				ASSETCATALOG_COMPILER_APPICON_NAME = AppIcon;
				ASSETCATALOG_COMPILER_GLOBAL_ACCENT_COLOR_NAME = AccentColor;
				CODE_SIGN_ENTITLEMENTS = Americano/Resources/Americano.entitlements;
				CODE_SIGN_IDENTITY = "-";
				"CODE_SIGN_IDENTITY[sdk=macosx*]" = "Apple Development";
				CODE_SIGN_STYLE = Automatic;
				COMBINE_HIDPI_IMAGES = YES;
				CURRENT_PROJECT_VERSION = "${BUILD_NUMBER}";
				DEAD_CODE_STRIPPING = YES;
				DEVELOPMENT_TEAM = V65YCRQZ2M;
				GENERATE_INFOPLIST_FILE = YES;
				INFOPLIST_FILE = Americano/Resources/Info.plist;
				INFOPLIST_KEY_CFBundleDisplayName = Americano;
				INFOPLIST_KEY_LSApplicationCategoryType = "public.app-category.utilities";
				INFOPLIST_KEY_LSUIElement = YES;
				INFOPLIST_KEY_NSHumanReadableCopyright = "Copyright © 2024 Eden. All rights reserved.";
				INFOPLIST_KEY_NSPrincipalClass = NSApplication;
				LD_RUNPATH_SEARCH_PATHS = (
					"$(inherited)",
					"@executable_path/../Frameworks",
				);
				MARKETING_VERSION = "${VERSION}";
				PRODUCT_BUNDLE_IDENTIFIER = io.lzhlovesjqy.Americano;
				PRODUCT_NAME = "$(TARGET_NAME)";
				PROVISIONING_PROFILE_SPECIFIER = "";
				SWIFT_EMIT_LOC_STRINGS = YES;
				SWIFT_VERSION = 5.0;
			};
			name = Debug;
		};
		F2CACC592ABACDA700CB2BE4 /* Release */ = {
			isa = XCBuildConfiguration;
			baseConfigurationReference = F2D579E72C80B11900F292B0 /* Config.xcconfig */;
			buildSettings = {
				ASSETCATALOG_COMPILER_APPICON_NAME = AppIcon;
				ASSETCATALOG_COMPILER_GLOBAL_ACCENT_COLOR_NAME = AccentColor;
				CODE_SIGN_ENTITLEMENTS = Americano/Resources/Americano.entitlements;
				CODE_SIGN_IDENTITY = "-";
				"CODE_SIGN_IDENTITY[sdk=macosx*]" = "Apple Development";
				CODE_SIGN_STYLE = Automatic;
				COMBINE_HIDPI_IMAGES = YES;
				CURRENT_PROJECT_VERSION = "${BUILD_NUMBER}";
				DEAD_CODE_STRIPPING = YES;
				DEVELOPMENT_TEAM = V65YCRQZ2M;
				GENERATE_INFOPLIST_FILE = YES;
				INFOPLIST_FILE = Americano/Resources/Info.plist;
				INFOPLIST_KEY_CFBundleDisplayName = Americano;
				INFOPLIST_KEY_LSApplicationCategoryType = "public.app-category.utilities";
				INFOPLIST_KEY_LSUIElement = YES;
				INFOPLIST_KEY_NSHumanReadableCopyright = "Copyright © 2024 Eden. All rights reserved.";
				INFOPLIST_KEY_NSPrincipalClass = NSApplication;
				LD_RUNPATH_SEARCH_PATHS = (
					"$(inherited)",
					"@executable_path/../Frameworks",
				);
				MARKETING_VERSION = "${VERSION}";
				PRODUCT_BUNDLE_IDENTIFIER = io.lzhlovesjqy.Americano;
				PRODUCT_NAME = "$(TARGET_NAME)";
				PROVISIONING_PROFILE_SPECIFIER = "";
				SWIFT_EMIT_LOC_STRINGS = YES;
				SWIFT_VERSION = 5.0;
			};
			name = Release;
		};
/* End XCBuildConfiguration section */

/* Begin XCConfigurationList section */
		F2CACC432ABACDA600CB2BE4 /* Build configuration list for PBXProject "Americano" */ = {
			isa = XCConfigurationList;
			buildConfigurations = (
				F2CACC552ABACDA700CB2BE4 /* Debug */,
				F2CACC562ABACDA700CB2BE4 /* Release */,
			);
			defaultConfigurationIsVisible = 0;
			defaultConfigurationName = Release;
		};
		F2CACC572ABACDA700CB2BE4 /* Build configuration list for PBXNativeTarget "Americano" */ = {
			isa = XCConfigurationList;
			buildConfigurations = (
				F2CACC582ABACDA700CB2BE4 /* Debug */,
				F2CACC592ABACDA700CB2BE4 /* Release */,
			);
			defaultConfigurationIsVisible = 0;
			defaultConfigurationName = Release;
		};
/* End XCConfigurationList section */

/* Begin XCRemoteSwiftPackageReference section */
		F225ADD22BF119970024283A /* XCRemoteSwiftPackageReference "StorageMacro" */ = {
			isa = XCRemoteSwiftPackageReference;
			repositoryURL = "https://github.com/LZhenHong/StorageMacro";
			requirement = {
				kind = upToNextMajorVersion;
				minimumVersion = 0.0.1;
			};
		};
/* End XCRemoteSwiftPackageReference section */

/* Begin XCSwiftPackageProductDependency section */
		F225ADD32BF119970024283A /* Storage */ = {
			isa = XCSwiftPackageProductDependency;
			package = F225ADD22BF119970024283A /* XCRemoteSwiftPackageReference "StorageMacro" */;
			productName = Storage;
		};
		F2811B312B678C0300C85719 /* Storage */ = {
			isa = XCSwiftPackageProductDependency;
			productName = Storage;
		};
/* End XCSwiftPackageProductDependency section */
	};
	rootObject = F2CACC402ABACDA600CB2BE4 /* Project object */;
}
