// !$*UTF8*$!
{
	archiveVersion = 1;
	classes = {
	};
	objectVersion = 56;
	objects = {

/* Begin PBXBuildFile section */
		341E6BC02AC080850043E97A /* MenuBuilder.swift in Sources */ = {isa = PBXBuildFile; fileRef = 341E6BBF2AC080850043E97A /* MenuBuilder.swift */; };
		34694D392ABB58B1003D4362 /* Storage.swift in Sources */ = {isa = PBXBuildFile; fileRef = 34694D382ABB58B1003D4362 /* Storage.swift */; };
		F25A297C2ABC6C200022E08E /* ScreenSaverWrapper.swift in Sources */ = {isa = PBXBuildFile; fileRef = F25A297B2ABC6C200022E08E /* ScreenSaverWrapper.swift */; };
		F25A297E2ABC6C720022E08E /* BinWrapper.swift in Sources */ = {isa = PBXBuildFile; fileRef = F25A297D2ABC6C720022E08E /* BinWrapper.swift */; };
		F282BEAB2ABB09CE0073D130 /* SubscriptionToken.swift in Sources */ = {isa = PBXBuildFile; fileRef = F282BEAA2ABB09CE0073D130 /* SubscriptionToken.swift */; };
		F2CACC4C2ABACDA600CB2BE4 /* AppDelegate.swift in Sources */ = {isa = PBXBuildFile; fileRef = F2CACC4B2ABACDA600CB2BE4 /* AppDelegate.swift */; };
		F2CACC502ABACDA700CB2BE4 /* Assets.xcassets in Resources */ = {isa = PBXBuildFile; fileRef = F2CACC4F2ABACDA700CB2BE4 /* Assets.xcassets */; };
		F2CACC532ABACDA700CB2BE4 /* Main.storyboard in Resources */ = {isa = PBXBuildFile; fileRef = F2CACC512ABACDA700CB2BE4 /* Main.storyboard */; };
		F2CACC5B2ABAD17100CB2BE4 /* MenuBarItemController.swift in Sources */ = {isa = PBXBuildFile; fileRef = F2CACC5A2ABAD17100CB2BE4 /* MenuBarItemController.swift */; };
		F2CACC5D2ABAD6C200CB2BE4 /* AppState.swift in Sources */ = {isa = PBXBuildFile; fileRef = F2CACC5C2ABAD6C200CB2BE4 /* AppState.swift */; };
		F2CACC5F2ABADBCA00CB2BE4 /* CaffeinateWrapper.swift in Sources */ = {isa = PBXBuildFile; fileRef = F2CACC5E2ABADBCA00CB2BE4 /* CaffeinateWrapper.swift */; };
/* End PBXBuildFile section */

/* Begin PBXFileReference section */
		341E6BBF2AC080850043E97A /* MenuBuilder.swift */ = {isa = PBXFileReference; lastKnownFileType = sourcecode.swift; path = MenuBuilder.swift; sourceTree = "<group>"; };
		34694D382ABB58B1003D4362 /* Storage.swift */ = {isa = PBXFileReference; lastKnownFileType = sourcecode.swift; path = Storage.swift; sourceTree = "<group>"; };
		F25A297B2ABC6C200022E08E /* ScreenSaverWrapper.swift */ = {isa = PBXFileReference; lastKnownFileType = sourcecode.swift; path = ScreenSaverWrapper.swift; sourceTree = "<group>"; };
		F25A297D2ABC6C720022E08E /* BinWrapper.swift */ = {isa = PBXFileReference; lastKnownFileType = sourcecode.swift; path = BinWrapper.swift; sourceTree = "<group>"; };
		F282BEAA2ABB09CE0073D130 /* SubscriptionToken.swift */ = {isa = PBXFileReference; lastKnownFileType = sourcecode.swift; path = SubscriptionToken.swift; sourceTree = "<group>"; };
		F2CACC482ABACDA600CB2BE4 /* Americano.app */ = {isa = PBXFileReference; explicitFileType = wrapper.application; includeInIndex = 0; path = Americano.app; sourceTree = BUILT_PRODUCTS_DIR; };
		F2CACC4B2ABACDA600CB2BE4 /* AppDelegate.swift */ = {isa = PBXFileReference; lastKnownFileType = sourcecode.swift; path = AppDelegate.swift; sourceTree = "<group>"; };
		F2CACC4F2ABACDA700CB2BE4 /* Assets.xcassets */ = {isa = PBXFileReference; lastKnownFileType = folder.assetcatalog; path = Assets.xcassets; sourceTree = "<group>"; };
		F2CACC522ABACDA700CB2BE4 /* Base */ = {isa = PBXFileReference; lastKnownFileType = file.storyboard; name = Base; path = Base.lproj/Main.storyboard; sourceTree = "<group>"; };
		F2CACC542ABACDA700CB2BE4 /* Americano.entitlements */ = {isa = PBXFileReference; lastKnownFileType = text.plist.entitlements; path = Americano.entitlements; sourceTree = "<group>"; };
		F2CACC5A2ABAD17100CB2BE4 /* MenuBarItemController.swift */ = {isa = PBXFileReference; lastKnownFileType = sourcecode.swift; path = MenuBarItemController.swift; sourceTree = "<group>"; };
		F2CACC5C2ABAD6C200CB2BE4 /* AppState.swift */ = {isa = PBXFileReference; lastKnownFileType = sourcecode.swift; path = AppState.swift; sourceTree = "<group>"; };
		F2CACC5E2ABADBCA00CB2BE4 /* CaffeinateWrapper.swift */ = {isa = PBXFileReference; lastKnownFileType = sourcecode.swift; path = CaffeinateWrapper.swift; sourceTree = "<group>"; };
/* End PBXFileReference section */

/* Begin PBXFrameworksBuildPhase section */
		F2CACC452ABACDA600CB2BE4 /* Frameworks */ = {
			isa = PBXFrameworksBuildPhase;
			buildActionMask = 2147483647;
			files = (
			);
			runOnlyForDeploymentPostprocessing = 0;
		};
/* End PBXFrameworksBuildPhase section */

/* Begin PBXGroup section */
		F2A013B32ABD3F9B006883D3 /* Wrapper */ = {
			isa = PBXGroup;
			children = (
				F2CACC5E2ABADBCA00CB2BE4 /* CaffeinateWrapper.swift */,
				F25A297B2ABC6C200022E08E /* ScreenSaverWrapper.swift */,
				F25A297D2ABC6C720022E08E /* BinWrapper.swift */,
			);
			path = Wrapper;
			sourceTree = "<group>";
		};
		F2A013B42ABD3FB4006883D3 /* Data */ = {
			isa = PBXGroup;
			children = (
				F2CACC5C2ABAD6C200CB2BE4 /* AppState.swift */,
				34694D382ABB58B1003D4362 /* Storage.swift */,
			);
			path = Data;
			sourceTree = "<group>";
		};
		F2A013B52ABD3FCD006883D3 /* Utils */ = {
			isa = PBXGroup;
			children = (
				F282BEAA2ABB09CE0073D130 /* SubscriptionToken.swift */,
				341E6BBF2AC080850043E97A /* MenuBuilder.swift */,
			);
			path = Utils;
			sourceTree = "<group>";
		};
		F2A013B62ABD3FDD006883D3 /* Resources */ = {
			isa = PBXGroup;
			children = (
				F2CACC542ABACDA700CB2BE4 /* Americano.entitlements */,
				F2CACC4F2ABACDA700CB2BE4 /* Assets.xcassets */,
				F2CACC512ABACDA700CB2BE4 /* Main.storyboard */,
			);
			path = Resources;
			sourceTree = "<group>";
		};
		F2CACC3F2ABACDA600CB2BE4 = {
			isa = PBXGroup;
			children = (
				F2CACC4A2ABACDA600CB2BE4 /* Americano */,
				F2CACC492ABACDA600CB2BE4 /* Products */,
			);
			sourceTree = "<group>";
		};
		F2CACC492ABACDA600CB2BE4 /* Products */ = {
			isa = PBXGroup;
			children = (
				F2CACC482ABACDA600CB2BE4 /* Americano.app */,
			);
			name = Products;
			sourceTree = "<group>";
		};
		F2CACC4A2ABACDA600CB2BE4 /* Americano */ = {
			isa = PBXGroup;
			children = (
				F2CACC4B2ABACDA600CB2BE4 /* AppDelegate.swift */,
				F2CACC5A2ABAD17100CB2BE4 /* MenuBarItemController.swift */,
				F2A013B42ABD3FB4006883D3 /* Data */,
				F2A013B32ABD3F9B006883D3 /* Wrapper */,
				F2A013B52ABD3FCD006883D3 /* Utils */,
				F2A013B62ABD3FDD006883D3 /* Resources */,
			);
			path = Americano;
			sourceTree = "<group>";
		};
/* End PBXGroup section */

/* Begin PBXNativeTarget section */
		F2CACC472ABACDA600CB2BE4 /* Americano */ = {
			isa = PBXNativeTarget;
			buildConfigurationList = F2CACC572ABACDA700CB2BE4 /* Build configuration list for PBXNativeTarget "Americano" */;
			buildPhases = (
				F2CACC442ABACDA600CB2BE4 /* Sources */,
				F2CACC452ABACDA600CB2BE4 /* Frameworks */,
				F2CACC462ABACDA600CB2BE4 /* Resources */,
			);
			buildRules = (
			);
			dependencies = (
			);
			name = Americano;
			productName = Americano;
			productReference = F2CACC482ABACDA600CB2BE4 /* Americano.app */;
			productType = "com.apple.product-type.application";
		};
/* End PBXNativeTarget section */

/* Begin PBXProject section */
		F2CACC402ABACDA600CB2BE4 /* Project object */ = {
			isa = PBXProject;
			attributes = {
				BuildIndependentTargetsInParallel = 1;
				LastSwiftUpdateCheck = 1500;
				LastUpgradeCheck = 1500;
				TargetAttributes = {
					F2CACC472ABACDA600CB2BE4 = {
						CreatedOnToolsVersion = 15.0;
					};
				};
			};
			buildConfigurationList = F2CACC432ABACDA600CB2BE4 /* Build configuration list for PBXProject "Americano" */;
			compatibilityVersion = "Xcode 14.0";
			developmentRegion = en;
			hasScannedForEncodings = 0;
			knownRegions = (
				en,
				Base,
			);
			mainGroup = F2CACC3F2ABACDA600CB2BE4;
			productRefGroup = F2CACC492ABACDA600CB2BE4 /* Products */;
			projectDirPath = "";
			projectRoot = "";
			targets = (
				F2CACC472ABACDA600CB2BE4 /* Americano */,
			);
		};
/* End PBXProject section */

/* Begin PBXResourcesBuildPhase section */
		F2CACC462ABACDA600CB2BE4 /* Resources */ = {
			isa = PBXResourcesBuildPhase;
			buildActionMask = 2147483647;
			files = (
				F2CACC502ABACDA700CB2BE4 /* Assets.xcassets in Resources */,
				F2CACC532ABACDA700CB2BE4 /* Main.storyboard in Resources */,
			);
			runOnlyForDeploymentPostprocessing = 0;
		};
/* End PBXResourcesBuildPhase section */

/* Begin PBXSourcesBuildPhase section */
		F2CACC442ABACDA600CB2BE4 /* Sources */ = {
			isa = PBXSourcesBuildPhase;
			buildActionMask = 2147483647;
			files = (
				F2CACC5F2ABADBCA00CB2BE4 /* CaffeinateWrapper.swift in Sources */,
				F25A297E2ABC6C720022E08E /* BinWrapper.swift in Sources */,
				F25A297C2ABC6C200022E08E /* ScreenSaverWrapper.swift in Sources */,
				F2CACC5D2ABAD6C200CB2BE4 /* AppState.swift in Sources */,
				F282BEAB2ABB09CE0073D130 /* SubscriptionToken.swift in Sources */,
				341E6BC02AC080850043E97A /* MenuBuilder.swift in Sources */,
				F2CACC4C2ABACDA600CB2BE4 /* AppDelegate.swift in Sources */,
				F2CACC5B2ABAD17100CB2BE4 /* MenuBarItemController.swift in Sources */,
				34694D392ABB58B1003D4362 /* Storage.swift in Sources */,
			);
			runOnlyForDeploymentPostprocessing = 0;
		};
/* End PBXSourcesBuildPhase section */

/* Begin PBXVariantGroup section */
		F2CACC512ABACDA700CB2BE4 /* Main.storyboard */ = {
			isa = PBXVariantGroup;
			children = (
				F2CACC522ABACDA700CB2BE4 /* Base */,
			);
			name = Main.storyboard;
			sourceTree = "<group>";
		};
/* End PBXVariantGroup section */

/* Begin XCBuildConfiguration section */
		F2CACC552ABACDA700CB2BE4 /* Debug */ = {
			isa = XCBuildConfiguration;
			buildSettings = {
				ALWAYS_SEARCH_USER_PATHS = NO;
				ASSETCATALOG_COMPILER_GENERATE_SWIFT_ASSET_SYMBOL_EXTENSIONS = YES;
				CLANG_ANALYZER_NONNULL = YES;
				CLANG_ANALYZER_NUMBER_OBJECT_CONVERSION = YES_AGGRESSIVE;
				CLANG_CXX_LANGUAGE_STANDARD = "gnu++20";
				CLANG_ENABLE_MODULES = YES;
				CLANG_ENABLE_OBJC_ARC = YES;
				CLANG_ENABLE_OBJC_WEAK = YES;
				CLANG_WARN_BLOCK_CAPTURE_AUTORELEASING = YES;
				CLANG_WARN_BOOL_CONVERSION = YES;
				CLANG_WARN_COMMA = YES;
				CLANG_WARN_CONSTANT_CONVERSION = YES;
				CLANG_WARN_DEPRECATED_OBJC_IMPLEMENTATIONS = YES;
				CLANG_WARN_DIRECT_OBJC_ISA_USAGE = YES_ERROR;
				CLANG_WARN_DOCUMENTATION_COMMENTS = YES;
				CLANG_WARN_EMPTY_BODY = YES;
				CLANG_WARN_ENUM_CONVERSION = YES;
				CLANG_WARN_INFINITE_RECURSION = YES;
				CLANG_WARN_INT_CONVERSION = YES;
				CLANG_WARN_NON_LITERAL_NULL_CONVERSION = YES;
				CLANG_WARN_OBJC_IMPLICIT_RETAIN_SELF = YES;
				CLANG_WARN_OBJC_LITERAL_CONVERSION = YES;
				CLANG_WARN_OBJC_ROOT_CLASS = YES_ERROR;
				CLANG_WARN_QUOTED_INCLUDE_IN_FRAMEWORK_HEADER = YES;
				CLANG_WARN_RANGE_LOOP_ANALYSIS = YES;
				CLANG_WARN_STRICT_PROTOTYPES = YES;
				CLANG_WARN_SUSPICIOUS_MOVE = YES;
				CLANG_WARN_UNGUARDED_AVAILABILITY = YES_AGGRESSIVE;
				CLANG_WARN_UNREACHABLE_CODE = YES;
				CLANG_WARN__DUPLICATE_METHOD_MATCH = YES;
				COPY_PHASE_STRIP = NO;
				DEBUG_INFORMATION_FORMAT = dwarf;
				ENABLE_STRICT_OBJC_MSGSEND = YES;
				ENABLE_TESTABILITY = YES;
				ENABLE_USER_SCRIPT_SANDBOXING = YES;
				GCC_C_LANGUAGE_STANDARD = gnu17;
				GCC_DYNAMIC_NO_PIC = NO;
				GCC_NO_COMMON_BLOCKS = YES;
				GCC_OPTIMIZATION_LEVEL = 0;
				GCC_PREPROCESSOR_DEFINITIONS = (
					"DEBUG=1",
					"$(inherited)",
				);
				GCC_WARN_64_TO_32_BIT_CONVERSION = YES;
				GCC_WARN_ABOUT_RETURN_TYPE = YES_ERROR;
				GCC_WARN_UNDECLARED_SELECTOR = YES;
				GCC_WARN_UNINITIALIZED_AUTOS = YES_AGGRESSIVE;
				GCC_WARN_UNUSED_FUNCTION = YES;
				GCC_WARN_UNUSED_VARIABLE = YES;
				LOCALIZATION_PREFERS_STRING_CATALOGS = YES;
				MACOSX_DEPLOYMENT_TARGET = 13.5;
				MTL_ENABLE_DEBUG_INFO = INCLUDE_SOURCE;
				MTL_FAST_MATH = YES;
				ONLY_ACTIVE_ARCH = YES;
				SDKROOT = macosx;
				SWIFT_ACTIVE_COMPILATION_CONDITIONS = "DEBUG $(inherited)";
				SWIFT_OPTIMIZATION_LEVEL = "-Onone";
			};
			name = Debug;
		};
		F2CACC562ABACDA700CB2BE4 /* Release */ = {
			isa = XCBuildConfiguration;
			buildSettings = {
				ALWAYS_SEARCH_USER_PATHS = NO;
				ASSETCATALOG_COMPILER_GENERATE_SWIFT_ASSET_SYMBOL_EXTENSIONS = YES;
				CLANG_ANALYZER_NONNULL = YES;
				CLANG_ANALYZER_NUMBER_OBJECT_CONVERSION = YES_AGGRESSIVE;
				CLANG_CXX_LANGUAGE_STANDARD = "gnu++20";
				CLANG_ENABLE_MODULES = YES;
				CLANG_ENABLE_OBJC_ARC = YES;
				CLANG_ENABLE_OBJC_WEAK = YES;
				CLANG_WARN_BLOCK_CAPTURE_AUTORELEASING = YES;
				CLANG_WARN_BOOL_CONVERSION = YES;
				CLANG_WARN_COMMA = YES;
				CLANG_WARN_CONSTANT_CONVERSION = YES;
				CLANG_WARN_DEPRECATED_OBJC_IMPLEMENTATIONS = YES;
				CLANG_WARN_DIRECT_OBJC_ISA_USAGE = YES_ERROR;
				CLANG_WARN_DOCUMENTATION_COMMENTS = YES;
				CLANG_WARN_EMPTY_BODY = YES;
				CLANG_WARN_ENUM_CONVERSION = YES;
				CLANG_WARN_INFINITE_RECURSION = YES;
				CLANG_WARN_INT_CONVERSION = YES;
				CLANG_WARN_NON_LITERAL_NULL_CONVERSION = YES;
				CLANG_WARN_OBJC_IMPLICIT_RETAIN_SELF = YES;
				CLANG_WARN_OBJC_LITERAL_CONVERSION = YES;
				CLANG_WARN_OBJC_ROOT_CLASS = YES_ERROR;
				CLANG_WARN_QUOTED_INCLUDE_IN_FRAMEWORK_HEADER = YES;
				CLANG_WARN_RANGE_LOOP_ANALYSIS = YES;
				CLANG_WARN_STRICT_PROTOTYPES = YES;
				CLANG_WARN_SUSPICIOUS_MOVE = YES;
				CLANG_WARN_UNGUARDED_AVAILABILITY = YES_AGGRESSIVE;
				CLANG_WARN_UNREACHABLE_CODE = YES;
				CLANG_WARN__DUPLICATE_METHOD_MATCH = YES;
				COPY_PHASE_STRIP = NO;
				DEBUG_INFORMATION_FORMAT = "dwarf-with-dsym";
				ENABLE_NS_ASSERTIONS = NO;
				ENABLE_STRICT_OBJC_MSGSEND = YES;
				ENABLE_USER_SCRIPT_SANDBOXING = YES;
				GCC_C_LANGUAGE_STANDARD = gnu17;
				GCC_NO_COMMON_BLOCKS = YES;
				GCC_WARN_64_TO_32_BIT_CONVERSION = YES;
				GCC_WARN_ABOUT_RETURN_TYPE = YES_ERROR;
				GCC_WARN_UNDECLARED_SELECTOR = YES;
				GCC_WARN_UNINITIALIZED_AUTOS = YES_AGGRESSIVE;
				GCC_WARN_UNUSED_FUNCTION = YES;
				GCC_WARN_UNUSED_VARIABLE = YES;
				LOCALIZATION_PREFERS_STRING_CATALOGS = YES;
				MACOSX_DEPLOYMENT_TARGET = 13.5;
				MTL_ENABLE_DEBUG_INFO = NO;
				MTL_FAST_MATH = YES;
				SDKROOT = macosx;
				SWIFT_COMPILATION_MODE = wholemodule;
			};
			name = Release;
		};
		F2CACC582ABACDA700CB2BE4 /* Debug */ = {
			isa = XCBuildConfiguration;
			buildSettings = {
				ASSETCATALOG_COMPILER_APPICON_NAME = AppIcon;
				ASSETCATALOG_COMPILER_GLOBAL_ACCENT_COLOR_NAME = AccentColor;
				CODE_SIGN_ENTITLEMENTS = Americano/Resources/Americano.entitlements;
				CODE_SIGN_STYLE = Manual;
				COMBINE_HIDPI_IMAGES = YES;
				CURRENT_PROJECT_VERSION = 1;
				DEVELOPMENT_TEAM = "";
				GENERATE_INFOPLIST_FILE = YES;
				INFOPLIST_KEY_CFBundleDisplayName = "冰美式";
				INFOPLIST_KEY_LSUIElement = YES;
				INFOPLIST_KEY_NSHumanReadableCopyright = "";
				INFOPLIST_KEY_NSMainStoryboardFile = Main;
				INFOPLIST_KEY_NSPrincipalClass = NSApplication;
				LD_RUNPATH_SEARCH_PATHS = (
					"$(inherited)",
					"@executable_path/../Frameworks",
				);
				MARKETING_VERSION = 1.0;
				PRODUCT_BUNDLE_IDENTIFIER = io.lzhlovesjqy.Americano;
				PRODUCT_NAME = "$(TARGET_NAME)";
				PROVISIONING_PROFILE_SPECIFIER = "";
				SWIFT_EMIT_LOC_STRINGS = YES;
				SWIFT_VERSION = 5.0;
			};
			name = Debug;
		};
		F2CACC592ABACDA700CB2BE4 /* Release */ = {
			isa = XCBuildConfiguration;
			buildSettings = {
				ASSETCATALOG_COMPILER_APPICON_NAME = AppIcon;
				ASSETCATALOG_COMPILER_GLOBAL_ACCENT_COLOR_NAME = AccentColor;
				CODE_SIGN_ENTITLEMENTS = Americano/Resources/Americano.entitlements;
				CODE_SIGN_STYLE = Manual;
				COMBINE_HIDPI_IMAGES = YES;
				CURRENT_PROJECT_VERSION = 1;
				DEVELOPMENT_TEAM = "";
				GENERATE_INFOPLIST_FILE = YES;
				INFOPLIST_KEY_CFBundleDisplayName = "冰美式";
				INFOPLIST_KEY_LSUIElement = YES;
				INFOPLIST_KEY_NSHumanReadableCopyright = "";
				INFOPLIST_KEY_NSMainStoryboardFile = Main;
				INFOPLIST_KEY_NSPrincipalClass = NSApplication;
				LD_RUNPATH_SEARCH_PATHS = (
					"$(inherited)",
					"@executable_path/../Frameworks",
				);
				MARKETING_VERSION = 1.0;
				PRODUCT_BUNDLE_IDENTIFIER = io.lzhlovesjqy.Americano;
				PRODUCT_NAME = "$(TARGET_NAME)";
				PROVISIONING_PROFILE_SPECIFIER = "";
				SWIFT_EMIT_LOC_STRINGS = YES;
				SWIFT_VERSION = 5.0;
			};
			name = Release;
		};
/* End XCBuildConfiguration section */

/* Begin XCConfigurationList section */
		F2CACC432ABACDA600CB2BE4 /* Build configuration list for PBXProject "Americano" */ = {
			isa = XCConfigurationList;
			buildConfigurations = (
				F2CACC552ABACDA700CB2BE4 /* Debug */,
				F2CACC562ABACDA700CB2BE4 /* Release */,
			);
			defaultConfigurationIsVisible = 0;
			defaultConfigurationName = Release;
		};
		F2CACC572ABACDA700CB2BE4 /* Build configuration list for PBXNativeTarget "Americano" */ = {
			isa = XCConfigurationList;
			buildConfigurations = (
				F2CACC582ABACDA700CB2BE4 /* Debug */,
				F2CACC592ABACDA700CB2BE4 /* Release */,
			);
			defaultConfigurationIsVisible = 0;
			defaultConfigurationName = Release;
		};
/* End XCConfigurationList section */
	};
	rootObject = F2CACC402ABACDA600CB2BE4 /* Project object */;
}
